Microsoft Visual Studio Solution File, Format Version 12.00
# Visual Studio Version 17
VisualStudioVersion = 17.5.33424.131
MinimumVisualStudioVersion = 10.0.40219.1
Project("{FAE04EC0-301F-11D3-BF4B-00C04F79EFBC}") = "Docplanner.API", "Docplanner.API\Docplanner.API.csproj", "{A1B1A1B1-A1B1-4A1B-A1B1-A1B1A1B1A1B1}"
EndProject
Project("{FAE04EC0-301F-11D3-BF4B-00C04F79EFBC}") = "Docplanner.Application", "Docplanner.Application\Docplanner.Application.csproj", "{B2C2B2C2-B2C2-4B2C-B2C2-B2C2B2C2B2C2}"
EndProject
Project("{FAE04EC0-301F-11D3-BF4B-00C04F79EFBC}") = "Docplanner.Infrastructure", "Docplanner.Infrastructure\Docplanner.Infrastructure.csproj", "{C3D3C3D3-C3D3-4C3D-C3D3-C3D3C3D3C3D3}"
EndProject
Project("{FAE04EC0-301F-11D3-BF4B-00C04F79EFBC}") = "Docplanner.Tests", "Docplanner.Tests\Docplanner.Tests.csproj", "{D4E4D4E4-D4E4-4D4E-D4E4-D4E4D4E4D4E4}"
EndProject
Project("{FAE04EC0-301F-11D3-BF4B-00C04F79EFBC}") = "Docplanner.Common", "Docplanner.Common\Docplanner.Common.csproj", "{DA670E24-3FFC-91BC-3D7D-D702227C0794}"
EndProject
Global
	GlobalSection(SolutionConfigurationPlatforms) = preSolution
		Debug|Any CPU = Debug|Any CPU
		Release|Any CPU = Release|Any CPU
	EndGlobalSection
	GlobalSection(ProjectConfigurationPlatforms) = postSolution
		{A1B1A1B1-A1B1-4A1B-A1B1-A1B1A1B1A1B1}.Debug|Any CPU.ActiveCfg = Debug|Any CPU
		{A1B1A1B1-A1B1-4A1B-A1B1-A1B1A1B1A1B1}.Debug|Any CPU.Build.0 = Debug|Any CPU
		{A1B1A1B1-A1B1-4A1B-A1B1-A1B1A1B1A1B1}.Release|Any CPU.ActiveCfg = Release|Any CPU
		{A1B1A1B1-A1B1-4A1B-A1B1-A1B1A1B1A1B1}.Release|Any CPU.Build.0 = Release|Any CPU
		{B2C2B2C2-B2C2-4B2C-B2C2-B2C2B2C2B2C2}.Debug|Any CPU.ActiveCfg = Debug|Any CPU
		{B2C2B2C2-B2C2-4B2C-B2C2-B2C2B2C2B2C2}.Debug|Any CPU.Build.0 = Debug|Any CPU
		{B2C2B2C2-B2C2-4B2C-B2C2-B2C2B2C2B2C2}.Release|Any CPU.ActiveCfg = Release|Any CPU
		{B2C2B2C2-B2C2-4B2C-B2C2-B2C2B2C2B2C2}.Release|Any CPU.Build.0 = Release|Any CPU
		{C3D3C3D3-C3D3-4C3D-C3D3-C3D3C3D3C3D3}.Debug|Any CPU.ActiveCfg = Debug|Any CPU
		{C3D3C3D3-C3D3-4C3D-C3D3-C3D3C3D3C3D3}.Debug|Any CPU.Build.0 = Debug|Any CPU
		{C3D3C3D3-C3D3-4C3D-C3D3-C3D3C3D3C3D3}.Release|Any CPU.ActiveCfg = Release|Any CPU
		{C3D3C3D3-C3D3-4C3D-C3D3-C3D3C3D3C3D3}.Release|Any CPU.Build.0 = Release|Any CPU
		{D4E4D4E4-D4E4-4D4E-D4E4-D4E4D4E4D4E4}.Debug|Any CPU.ActiveCfg = Debug|Any CPU
		{D4E4D4E4-D4E4-4D4E-D4E4-D4E4D4E4D4E4}.Debug|Any CPU.Build.0 = Debug|Any CPU
		{D4E4D4E4-D4E4-4D4E-D4E4-D4E4D4E4D4E4}.Release|Any CPU.ActiveCfg = Release|Any CPU
		{D4E4D4E4-D4E4-4D4E-D4E4-D4E4D4E4D4E4}.Release|Any CPU.Build.0 = Release|Any CPU
		{DA670E24-3FFC-91BC-3D7D-D702227C0794}.Debug|Any CPU.ActiveCfg = Debug|Any CPU
		{DA670E24-3FFC-91BC-3D7D-D702227C0794}.Debug|Any CPU.Build.0 = Debug|Any CPU
		{DA670E24-3FFC-91BC-3D7D-D702227C0794}.Release|Any CPU.ActiveCfg = Release|Any CPU
		{DA670E24-3FFC-91BC-3D7D-D702227C0794}.Release|Any CPU.Build.0 = Release|Any CPU
	EndGlobalSection
	GlobalSection(SolutionProperties) = preSolution
		HideSolutionNode = FALSE
	EndGlobalSection
	GlobalSection(ExtensibilityGlobals) = postSolution
		SolutionGuid = {7FB5D5BD-96EB-4DF7-82CD-F8082DAEEF93}
	EndGlobalSection
EndGlobal
